
Microsoft Visual Studio Solution File, Format Version 12.00
# Visual Studio Version 17
VisualStudioVersion = 17.6.33815.320
MinimumVisualStudioVersion = 10.0.40219.1
Project("{FAE04EC0-301F-11D3-BF4B-00C04F79EFBC}") = "VebTechTEstApi", "VebTechTEstApi\VebTechTEstApi.csproj", "{ADC935BF-89F5-497E-8A13-6745731CE82E}"
EndProject
Global
	GlobalSection(SolutionConfigurationPlatforms) = preSolution
		Debug|Any CPU = Debug|Any CPU
		Release|Any CPU = Release|Any CPU
	EndGlobalSection
	GlobalSection(ProjectConfigurationPlatforms) = postSolution
		{ADC935BF-89F5-497E-8A13-6745731CE82E}.Debug|Any CPU.ActiveCfg = Debug|Any CPU
		{ADC935BF-89F5-497E-8A13-6745731CE82E}.Debug|Any CPU.Build.0 = Debug|Any CPU
		{ADC935BF-89F5-497E-8A13-6745731CE82E}.Release|Any CPU.ActiveCfg = Release|Any CPU
		{ADC935BF-89F5-497E-8A13-6745731CE82E}.Release|Any CPU.Build.0 = Release|Any CPU
	EndGlobalSection
	GlobalSection(SolutionProperties) = preSolution
		HideSolutionNode = FALSE
	EndGlobalSection
	GlobalSection(ExtensibilityGlobals) = postSolution
		SolutionGuid = {B5ED0B4E-5552-4D23-830A-B1A26BC61308}
	EndGlobalSection
EndGlobal
